
Microsoft Visual Studio Solution File, Format Version 12.00
# Visual Studio Version 17
VisualStudioVersion = 17.12.35527.113 d17.12
MinimumVisualStudioVersion = 10.0.40219.1
Project("{FAE04EC0-301F-11D3-BF4B-00C04F79EFBC}") = "Core.Persistence", "Core.Persistence\Core.Persistence.csproj", "{ED293062-18AA-449F-86C1-9DA82B033FE4}"
EndProject
Project("{FAE04EC0-301F-11D3-BF4B-00C04F79EFBC}") = "Core.Application", "Core.Application\Core.Application.csproj", "{69FACC69-594A-4982-9248-B186823DEAE9}"
EndProject
Global
	GlobalSection(SolutionConfigurationPlatforms) = preSolution
		Debug|Any CPU = Debug|Any CPU
		Release|Any CPU = Release|Any CPU
	EndGlobalSection
	GlobalSection(ProjectConfigurationPlatforms) = postSolution
		{ED293062-18AA-449F-86C1-9DA82B033FE4}.Debug|Any CPU.ActiveCfg = Debug|Any CPU
		{ED293062-18AA-449F-86C1-9DA82B033FE4}.Debug|Any CPU.Build.0 = Debug|Any CPU
		{ED293062-18AA-449F-86C1-9DA82B033FE4}.Release|Any CPU.ActiveCfg = Release|Any CPU
		{ED293062-18AA-449F-86C1-9DA82B033FE4}.Release|Any CPU.Build.0 = Release|Any CPU
		{69FACC69-594A-4982-9248-B186823DEAE9}.Debug|Any CPU.ActiveCfg = Debug|Any CPU
		{69FACC69-594A-4982-9248-B186823DEAE9}.Debug|Any CPU.Build.0 = Debug|Any CPU
		{69FACC69-594A-4982-9248-B186823DEAE9}.Release|Any CPU.ActiveCfg = Release|Any CPU
		{69FACC69-594A-4982-9248-B186823DEAE9}.Release|Any CPU.Build.0 = Release|Any CPU
	EndGlobalSection
	GlobalSection(SolutionProperties) = preSolution
		HideSolutionNode = FALSE
	EndGlobalSection
EndGlobal
